{
  "name": "graphql",
  "version": "1.0.0",
  "lockfileVersion": 1,
  "requires": true,
  "dependencies": {
    "graphql": {
      "version": "14.5.7",
      "resolved": "https://registry.npmjs.org/graphql/-/graphql-14.5.7.tgz",
      "integrity": "sha512-as410RMJSUFqF8RcH2QWxZ5ioqHzsH9VWnWbaU+UnDXJ/6azMDIYPrtXCBPXd8rlunEVb7W8z6fuUnNHMbFu9A==",
      "requires": {
        "iterall": "^1.2.2"
      }
    },
    "iterall": {
      "version": "1.2.2",
      "resolved": "https://registry.npmjs.org/iterall/-/iterall-1.2.2.tgz",
      "integrity": "sha512-yynBb1g+RFUPY64fTrFv7nsjRrENBQJaX2UL+2Szc9REFrSNm1rpSXHGzhmAy7a9uv3vlvgBlXnf9RqmPH1/DA=="
    }
  }
}
